
Microsoft Visual Studio Solution File, Format Version 12.00
# Visual Studio Version 17
VisualStudioVersion = 17.5.002.0
MinimumVisualStudioVersion = 10.0.40219.1
Project("{9A19103F-16F7-4668-BE54-9A1E7A4F7556}") = "backend", "backend\backend.csproj", "{D574C174-81A2-458E-9EB9-910723A4B5F0}"
EndProject
Global
	GlobalSection(SolutionConfigurationPlatforms) = preSolution
		Debug|Any CPU = Debug|Any CPU
		Release|Any CPU = Release|Any CPU
	EndGlobalSection
	GlobalSection(ProjectConfigurationPlatforms) = postSolution
		{D574C174-81A2-458E-9EB9-910723A4B5F0}.Debug|Any CPU.ActiveCfg = Debug|Any CPU
		{D574C174-81A2-458E-9EB9-910723A4B5F0}.Debug|Any CPU.Build.0 = Debug|Any CPU
		{D574C174-81A2-458E-9EB9-910723A4B5F0}.Release|Any CPU.ActiveCfg = Release|Any CPU
		{D574C174-81A2-458E-9EB9-910723A4B5F0}.Release|Any CPU.Build.0 = Release|Any CPU
	EndGlobalSection
	GlobalSection(SolutionProperties) = preSolution
		HideSolutionNode = FALSE
	EndGlobalSection
	GlobalSection(ExtensibilityGlobals) = postSolution
		SolutionGuid = {B5985FB4-F86A-4C7A-B1A5-9C210FF825EE}
	EndGlobalSection
EndGlobal
